
Microsoft Visual Studio Solution File, Format Version 12.00
# Visual Studio Version 16
VisualStudioVersion = 16.0.30011.22
MinimumVisualStudioVersion = 10.0.40219.1
Project("{FAE04EC0-301F-11D3-BF4B-00C04F79EFBC}") = "AspNetMVCEgitim", "AspNetMVCEgitim\AspNetMVCEgitim.csproj", "{ECD3689B-D29F-4651-A3B6-9455F4CE113B}"
EndProject
Global
	GlobalSection(SolutionConfigurationPlatforms) = preSolution
		Debug|Any CPU = Debug|Any CPU
		Release|Any CPU = Release|Any CPU
	EndGlobalSection
	GlobalSection(ProjectConfigurationPlatforms) = postSolution
		{ECD3689B-D29F-4651-A3B6-9455F4CE113B}.Debug|Any CPU.ActiveCfg = Debug|Any CPU
		{ECD3689B-D29F-4651-A3B6-9455F4CE113B}.Debug|Any CPU.Build.0 = Debug|Any CPU
		{ECD3689B-D29F-4651-A3B6-9455F4CE113B}.Release|Any CPU.ActiveCfg = Release|Any CPU
		{ECD3689B-D29F-4651-A3B6-9455F4CE113B}.Release|Any CPU.Build.0 = Release|Any CPU
	EndGlobalSection
	GlobalSection(SolutionProperties) = preSolution
		HideSolutionNode = FALSE
	EndGlobalSection
	GlobalSection(ExtensibilityGlobals) = postSolution
		SolutionGuid = {0E3738A4-94A2-4B43-B6E1-62D0D893AC69}
	EndGlobalSection
EndGlobal
